
Microsoft Visual Studio Solution File, Format Version 12.00
# Visual Studio Version 17
VisualStudioVersion = 17.4.33205.214
MinimumVisualStudioVersion = 10.0.40219.1
Project("{2150E333-8FDC-42A3-9474-1A3956D46DE8}") = "Services", "Services", "{0E163633-2A7D-495F-BA84-B105C6E15DF9}"
EndProject
Project("{2150E333-8FDC-42A3-9474-1A3956D46DE8}") = "Catalog", "Catalog", "{3EA2C420-4101-419A-848C-F4EFCFA5E77C}"
EndProject
Project("{9A19103F-16F7-4668-BE54-9A1E7A4F7556}") = "Catalog.API", "Services\Catalog\Catalog.API\Catalog.API.csproj", "{C966F6AA-02CB-416D-BD05-060129C07C2E}"
EndProject
Project("{E53339B2-1760-4266-BCC7-CA923CBCF16C}") = "docker-compose", "docker-compose.dcproj", "{CE1D2AD7-FD22-45FB-9CDE-754F6C68E116}"
EndProject
Project("{2150E333-8FDC-42A3-9474-1A3956D46DE8}") = "Basket", "Basket", "{DA109F83-0471-4DC3-9885-B0541447B409}"
EndProject
Project("{9A19103F-16F7-4668-BE54-9A1E7A4F7556}") = "Basket.API", "Services\Basket\Basket.API\Basket.API.csproj", "{23F50513-DD1C-46F9-8A4F-FB4D0878B244}"
EndProject
Project("{2150E333-8FDC-42A3-9474-1A3956D46DE8}") = "Discount", "Discount", "{D400973B-6CA4-4E99-88BD-569033C20940}"
EndProject
Project("{9A19103F-16F7-4668-BE54-9A1E7A4F7556}") = "Discount.gRPC", "Services\Discount\Discount.gRPC\Discount.gRPC.csproj", "{1C362DAC-61E6-4B78-AAE2-1582130F92A2}"
EndProject
Project("{9A19103F-16F7-4668-BE54-9A1E7A4F7556}") = "Discount.API", "Services\Discount\Discount.API\Discount.API.csproj", "{6C5C5E93-8296-46FC-8D20-D8D239293DD8}"
EndProject
Project("{2150E333-8FDC-42A3-9474-1A3956D46DE8}") = "APIGateWay", "APIGateWay", "{B9BEDE77-524B-422E-A909-83366F40F519}"
EndProject
Project("{2150E333-8FDC-42A3-9474-1A3956D46DE8}") = "IdentityServer", "IdentityServer", "{47C3C09E-081A-4EA4-90A0-581092B8CB38}"
EndProject
Global
	GlobalSection(SolutionConfigurationPlatforms) = preSolution
		Debug|Any CPU = Debug|Any CPU
		Release|Any CPU = Release|Any CPU
	EndGlobalSection
	GlobalSection(ProjectConfigurationPlatforms) = postSolution
		{C966F6AA-02CB-416D-BD05-060129C07C2E}.Debug|Any CPU.ActiveCfg = Debug|Any CPU
		{C966F6AA-02CB-416D-BD05-060129C07C2E}.Debug|Any CPU.Build.0 = Debug|Any CPU
		{C966F6AA-02CB-416D-BD05-060129C07C2E}.Release|Any CPU.ActiveCfg = Release|Any CPU
		{C966F6AA-02CB-416D-BD05-060129C07C2E}.Release|Any CPU.Build.0 = Release|Any CPU
		{CE1D2AD7-FD22-45FB-9CDE-754F6C68E116}.Debug|Any CPU.ActiveCfg = Debug|Any CPU
		{CE1D2AD7-FD22-45FB-9CDE-754F6C68E116}.Debug|Any CPU.Build.0 = Debug|Any CPU
		{CE1D2AD7-FD22-45FB-9CDE-754F6C68E116}.Release|Any CPU.ActiveCfg = Release|Any CPU
		{CE1D2AD7-FD22-45FB-9CDE-754F6C68E116}.Release|Any CPU.Build.0 = Release|Any CPU
		{23F50513-DD1C-46F9-8A4F-FB4D0878B244}.Debug|Any CPU.ActiveCfg = Debug|Any CPU
		{23F50513-DD1C-46F9-8A4F-FB4D0878B244}.Debug|Any CPU.Build.0 = Debug|Any CPU
		{23F50513-DD1C-46F9-8A4F-FB4D0878B244}.Release|Any CPU.ActiveCfg = Release|Any CPU
		{23F50513-DD1C-46F9-8A4F-FB4D0878B244}.Release|Any CPU.Build.0 = Release|Any CPU
		{1C362DAC-61E6-4B78-AAE2-1582130F92A2}.Debug|Any CPU.ActiveCfg = Debug|Any CPU
		{1C362DAC-61E6-4B78-AAE2-1582130F92A2}.Debug|Any CPU.Build.0 = Debug|Any CPU
		{1C362DAC-61E6-4B78-AAE2-1582130F92A2}.Release|Any CPU.ActiveCfg = Release|Any CPU
		{1C362DAC-61E6-4B78-AAE2-1582130F92A2}.Release|Any CPU.Build.0 = Release|Any CPU
		{6C5C5E93-8296-46FC-8D20-D8D239293DD8}.Debug|Any CPU.ActiveCfg = Debug|Any CPU
		{6C5C5E93-8296-46FC-8D20-D8D239293DD8}.Debug|Any CPU.Build.0 = Debug|Any CPU
		{6C5C5E93-8296-46FC-8D20-D8D239293DD8}.Release|Any CPU.ActiveCfg = Release|Any CPU
		{6C5C5E93-8296-46FC-8D20-D8D239293DD8}.Release|Any CPU.Build.0 = Release|Any CPU
	EndGlobalSection
	GlobalSection(SolutionProperties) = preSolution
		HideSolutionNode = FALSE
	EndGlobalSection
	GlobalSection(NestedProjects) = preSolution
		{3EA2C420-4101-419A-848C-F4EFCFA5E77C} = {0E163633-2A7D-495F-BA84-B105C6E15DF9}
		{C966F6AA-02CB-416D-BD05-060129C07C2E} = {3EA2C420-4101-419A-848C-F4EFCFA5E77C}
		{DA109F83-0471-4DC3-9885-B0541447B409} = {0E163633-2A7D-495F-BA84-B105C6E15DF9}
		{23F50513-DD1C-46F9-8A4F-FB4D0878B244} = {DA109F83-0471-4DC3-9885-B0541447B409}
		{D400973B-6CA4-4E99-88BD-569033C20940} = {0E163633-2A7D-495F-BA84-B105C6E15DF9}
		{1C362DAC-61E6-4B78-AAE2-1582130F92A2} = {D400973B-6CA4-4E99-88BD-569033C20940}
		{6C5C5E93-8296-46FC-8D20-D8D239293DD8} = {D400973B-6CA4-4E99-88BD-569033C20940}
		{B9BEDE77-524B-422E-A909-83366F40F519} = {0E163633-2A7D-495F-BA84-B105C6E15DF9}
		{47C3C09E-081A-4EA4-90A0-581092B8CB38} = {0E163633-2A7D-495F-BA84-B105C6E15DF9}
	EndGlobalSection
	GlobalSection(ExtensibilityGlobals) = postSolution
		SolutionGuid = {2DBA8DED-8A01-475D-9D5C-AFB103ECEC71}
	EndGlobalSection
EndGlobal
